<?xml version="1.0" encoding="utf-8"?>
<Project ToolsVersion="4.0" xmlns="http://schemas.microsoft.com/developer/msbuild/2003">
  <ItemGroup>
    <Filter Include="Source Files">
      <UniqueIdentifier>{4FC737F1-C7A5-4376-A066-2A32D752A2FF}</UniqueIdentifier>
      <Extensions>cpp;c;cc;cxx;c++;cppm;ixx;def;odl;idl;hpj;bat;asm;asmx</Extensions>
    </Filter>
    <Filter Include="Header Files">
      <UniqueIdentifier>{93995380-89BD-4b04-88EB-625FBE52EBFB}</UniqueIdentifier>
      <Extensions>h;hh;hpp;hxx;h++;hm;inl;inc;ipp;xsd</Extensions>
    </Filter>
    <Filter Include="Resource Files">
      <UniqueIdentifier>{67DA6AB6-F800-4c08-8B7A-83BB121AAD01}</UniqueIdentifier>
      <Extensions>rc;ico;cur;bmp;dlg;rc2;rct;bin;rgs;gif;jpg;jpeg;jpe;resx;tiff;tif;png;wav;mfcribbon-ms</Extensions>
    </Filter>
  </ItemGroup>
  <ItemGroup>
    <ClCompile Include="mcs\src\main.c">
      <Filter>Source Files</Filter>
    </ClCompile>
    <ClCompile Include="mcs\src\loop.c">
      <Filter>Source Files</Filter>
    </ClCompile>
    <ClCompile Include="mcs\src\server.c">
      <Filter>Source Files</Filter>
    </ClCompile>
    <ClCompile Include="mcs\src\game.c">
      <Filter>Source Files</Filter>
    </ClCompile>
    <ClCompile Include="mcs\src\mc_packets\mc_packets.c">
      <Filter>Source Files</Filter>
    </ClCompile>
    <ClCompile Include="mcs\src\cjson\cjson.c">
      <Filter>Source Files</Filter>
    </ClCompile>
    <ClCompile Include="mcs\src\mcs.c">
      <Filter>Source Files</Filter>
    </ClCompile>
    <ClCompile Include="mcs\src\util\string.c">
      <Filter>Source Files</Filter>
    </ClCompile>
    <ClCompile Include="mcs\src\util\buf.c">
      <Filter>Source Files</Filter>
    </ClCompile>
    <ClCompile Include="mcs\src\util\client_array.c">
      <Filter>Source Files</Filter>
    </ClCompile>
    <ClCompile Include="mcs\src\util\slab_field_array.c">
      <Filter>Source Files</Filter>
    </ClCompile>
    <ClCompile Include="mcs\src\util\world_array.c">
      <Filter>Source Files</Filter>
    </ClCompile>
  </ItemGroup>
  <ItemGroup>
    <ClInclude Include="mcs\include\mcs.h">
      <Filter>Header Files</Filter>
    </ClInclude>
    <ClInclude Include="mcs\include\mc_packets.h">
      <Filter>Header Files</Filter>
    </ClInclude>
    <ClInclude Include="mcs\include\cjson\cjson.h">
      <Filter>Header Files</Filter>
    </ClInclude>
    <ClInclude Include="mcs\include\game.h">
      <Filter>Header Files</Filter>
    </ClInclude>
    <ClInclude Include="mcs\include\server.h">
      <Filter>Header Files</Filter>
    </ClInclude>
    <ClInclude Include="mcs\include\util\slab_field_array.h">
      <Filter>Header Files</Filter>
    </ClInclude>
    <ClInclude Include="mcs\include\util\map.h">
      <Filter>Header Files</Filter>
    </ClInclude>
    <ClInclude Include="mcs\include\util\string.h">
      <Filter>Header Files</Filter>
    </ClInclude>
    <ClInclude Include="mcs\include\util\def.h">
      <Filter>Header Files</Filter>
    </ClInclude>
    <ClInclude Include="mcs\include\util\buf.h">
      <Filter>Header Files</Filter>
    </ClInclude>
    <ClInclude Include="mcs\include\util\slab_array.h">
      <Filter>Header Files</Filter>
    </ClInclude>
    <ClInclude Include="mcs\include\util\world_array.h">
      <Filter>Header Files</Filter>
    </ClInclude>
    <ClInclude Include="mcs\include\util\template\array.inc">
      <Filter>Header Files</Filter>
    </ClInclude>
    <ClInclude Include="mcs\include\util\client_array.h">
      <Filter>Header Files</Filter>
    </ClInclude>
    <ClInclude Include="mcs\src\util\map.c">
      <Filter>Header Files</Filter>
    </ClInclude>
    <ClInclude Include="mcs\src\util\slab_array.c">
      <Filter>Header Files</Filter>
    </ClInclude>
    <ClInclude Include="mcs\include\types.h">
      <Filter>Header Files</Filter>
    </ClInclude>
  </ItemGroup>
</Project>